// !$*UTF8*$!
{
	archiveVersion = 1;
	classes = {
	};
	objectVersion = 77;
	objects = {

/* Begin PBXBuildFile section */
		CC24B5A12E2CDEAA008C6E6F /* screenshot.png in Resources */ = {isa = PBXBuildFile; fileRef = CC24B5A02E2CDEAA008C6E6F /* screenshot.png */; };
		CC83A4052E2CD92400BD0A2B /* .gitignore in Resources */ = {isa = PBXBuildFile; fileRef = CC83A4042E2CD91B00BD0A2B /* .gitignore */; };
		CC83A4072E2CD9BE00BD0A2B /* README.md in Resources */ = {isa = PBXBuildFile; fileRef = CC83A4062E2CD9B800BD0A2B /* README.md */; };
/* End PBXBuildFile section */

/* Begin PBXContainerItemProxy section */
		CC83A3E72E2CCE2E00BD0A2B /* PBXContainerItemProxy */ = {
			isa = PBXContainerItemProxy;
			containerPortal = CC83A3D02E2CCE2900BD0A2B /* Project object */;
			proxyType = 1;
			remoteGlobalIDString = CC83A3D72E2CCE2900BD0A2B;
			remoteInfo = CounterApp;
		};
		CC83A3F12E2CCE2E00BD0A2B /* PBXContainerItemProxy */ = {
			isa = PBXContainerItemProxy;
			containerPortal = CC83A3D02E2CCE2900BD0A2B /* Project object */;
			proxyType = 1;
			remoteGlobalIDString = CC83A3D72E2CCE2900BD0A2B;
			remoteInfo = CounterApp;
		};
/* End PBXContainerItemProxy section */

/* Begin PBXFileReference section */
		CC24B5A02E2CDEAA008C6E6F /* screenshot.png */ = {isa = PBXFileReference; lastKnownFileType = image.png; path = screenshot.png; sourceTree = "<group>"; };
		CC83A3D82E2CCE2900BD0A2B /* FizzyCounter.app */ = {isa = PBXFileReference; explicitFileType = wrapper.application; includeInIndex = 0; path = FizzyCounter.app; sourceTree = BUILT_PRODUCTS_DIR; };
		CC83A3E62E2CCE2E00BD0A2B /* FizzyCounterTests.xctest */ = {isa = PBXFileReference; explicitFileType = wrapper.cfbundle; includeInIndex = 0; path = FizzyCounterTests.xctest; sourceTree = BUILT_PRODUCTS_DIR; };
		CC83A3F02E2CCE2E00BD0A2B /* FizzyCounterUITests.xctest */ = {isa = PBXFileReference; explicitFileType = wrapper.cfbundle; includeInIndex = 0; path = FizzyCounterUITests.xctest; sourceTree = BUILT_PRODUCTS_DIR; };
		CC83A4042E2CD91B00BD0A2B /* .gitignore */ = {isa = PBXFileReference; lastKnownFileType = text; path = .gitignore; sourceTree = "<group>"; };
		CC83A4062E2CD9B800BD0A2B /* README.md */ = {isa = PBXFileReference; lastKnownFileType = net.daringfireball.markdown; path = README.md; sourceTree = "<group>"; };
/* End PBXFileReference section */

/* Begin PBXFileSystemSynchronizedRootGroup section */
		CC83A3DA2E2CCE2900BD0A2B /* FizzyCounter */ = {
			isa = PBXFileSystemSynchronizedRootGroup;
			path = FizzyCounter;
			sourceTree = "<group>";
		};
		CC83A3E92E2CCE2E00BD0A2B /* FizzyCounterTests */ = {
			isa = PBXFileSystemSynchronizedRootGroup;
			path = FizzyCounterTests;
			sourceTree = "<group>";
		};
		CC83A3F32E2CCE2E00BD0A2B /* FizzyCounterUITests */ = {
			isa = PBXFileSystemSynchronizedRootGroup;
			path = FizzyCounterUITests;
			sourceTree = "<group>";
		};
		CCB5E81B2E30BA9600390B12 /* Screenshots */ = {
			isa = PBXFileSystemSynchronizedRootGroup;
			path = Screenshots;
			sourceTree = "<group>";
		};
/* End PBXFileSystemSynchronizedRootGroup section */

/* Begin PBXFrameworksBuildPhase section */
		CC83A3D52E2CCE2900BD0A2B /* Frameworks */ = {
			isa = PBXFrameworksBuildPhase;
			buildActionMask = 2147483647;
			files = (
			);
			runOnlyForDeploymentPostprocessing = 0;
		};
		CC83A3E32E2CCE2E00BD0A2B /* Frameworks */ = {
			isa = PBXFrameworksBuildPhase;
			buildActionMask = 2147483647;
			files = (
			);
			runOnlyForDeploymentPostprocessing = 0;
		};
		CC83A3ED2E2CCE2E00BD0A2B /* Frameworks */ = {
			isa = PBXFrameworksBuildPhase;
			buildActionMask = 2147483647;
			files = (
			);
			runOnlyForDeploymentPostprocessing = 0;
		};
/* End PBXFrameworksBuildPhase section */

/* Begin PBXGroup section */
		CC83A3CF2E2CCE2900BD0A2B = {
			isa = PBXGroup;
			children = (
				CC83A4062E2CD9B800BD0A2B /* README.md */,
				CCB5E81B2E30BA9600390B12 /* Screenshots */,
				CC83A4042E2CD91B00BD0A2B /* .gitignore */,
				CC83A3DA2E2CCE2900BD0A2B /* FizzyCounter */,
				CC83A3E92E2CCE2E00BD0A2B /* FizzyCounterTests */,
				CC83A3F32E2CCE2E00BD0A2B /* FizzyCounterUITests */,
				CC83A3D92E2CCE2900BD0A2B /* Products */,
				CC24B5A02E2CDEAA008C6E6F /* screenshot.png */,
			);
			sourceTree = "<group>";
		};
		CC83A3D92E2CCE2900BD0A2B /* Products */ = {
			isa = PBXGroup;
			children = (
				CC83A3D82E2CCE2900BD0A2B /* FizzyCounter.app */,
				CC83A3E62E2CCE2E00BD0A2B /* FizzyCounterTests.xctest */,
				CC83A3F02E2CCE2E00BD0A2B /* FizzyCounterUITests.xctest */,
			);
			name = Products;
			sourceTree = "<group>";
		};
/* End PBXGroup section */

/* Begin PBXNativeTarget section */
		CC83A3D72E2CCE2900BD0A2B /* FizzyCounter */ = {
			isa = PBXNativeTarget;
			buildConfigurationList = CC83A3FA2E2CCE2E00BD0A2B /* Build configuration list for PBXNativeTarget "FizzyCounter" */;
			buildPhases = (
				CC83A3D42E2CCE2900BD0A2B /* Sources */,
				CC83A3D52E2CCE2900BD0A2B /* Frameworks */,
				CC83A3D62E2CCE2900BD0A2B /* Resources */,
			);
			buildRules = (
			);
			dependencies = (
			);
			fileSystemSynchronizedGroups = (
				CC83A3DA2E2CCE2900BD0A2B /* FizzyCounter */,
				CCB5E81B2E30BA9600390B12 /* Screenshots */,
			);
			name = FizzyCounter;
			packageProductDependencies = (
			);
			productName = CounterApp;
			productReference = CC83A3D82E2CCE2900BD0A2B /* FizzyCounter.app */;
			productType = "com.apple.product-type.application";
		};
		CC83A3E52E2CCE2E00BD0A2B /* FizzyCounterTests */ = {
			isa = PBXNativeTarget;
			buildConfigurationList = CC83A3FD2E2CCE2E00BD0A2B /* Build configuration list for PBXNativeTarget "FizzyCounterTests" */;
			buildPhases = (
				CC83A3E22E2CCE2E00BD0A2B /* Sources */,
				CC83A3E32E2CCE2E00BD0A2B /* Frameworks */,
				CC83A3E42E2CCE2E00BD0A2B /* Resources */,
			);
			buildRules = (
			);
			dependencies = (
				CC83A3E82E2CCE2E00BD0A2B /* PBXTargetDependency */,
			);
			fileSystemSynchronizedGroups = (
				CC83A3E92E2CCE2E00BD0A2B /* FizzyCounterTests */,
			);
			name = FizzyCounterTests;
			packageProductDependencies = (
			);
			productName = CounterAppTests;
			productReference = CC83A3E62E2CCE2E00BD0A2B /* FizzyCounterTests.xctest */;
			productType = "com.apple.product-type.bundle.unit-test";
		};
		CC83A3EF2E2CCE2E00BD0A2B /* FizzyCounterUITests */ = {
			isa = PBXNativeTarget;
			buildConfigurationList = CC83A4002E2CCE2E00BD0A2B /* Build configuration list for PBXNativeTarget "FizzyCounterUITests" */;
			buildPhases = (
				CC83A3EC2E2CCE2E00BD0A2B /* Sources */,
				CC83A3ED2E2CCE2E00BD0A2B /* Frameworks */,
				CC83A3EE2E2CCE2E00BD0A2B /* Resources */,
			);
			buildRules = (
			);
			dependencies = (
				CC83A3F22E2CCE2E00BD0A2B /* PBXTargetDependency */,
			);
			fileSystemSynchronizedGroups = (
				CC83A3F32E2CCE2E00BD0A2B /* FizzyCounterUITests */,
			);
			name = FizzyCounterUITests;
			packageProductDependencies = (
			);
			productName = CounterAppUITests;
			productReference = CC83A3F02E2CCE2E00BD0A2B /* FizzyCounterUITests.xctest */;
			productType = "com.apple.product-type.bundle.ui-testing";
		};
/* End PBXNativeTarget section */

/* Begin PBXProject section */
		CC83A3D02E2CCE2900BD0A2B /* Project object */ = {
			isa = PBXProject;
			attributes = {
				BuildIndependentTargetsInParallel = 1;
				LastSwiftUpdateCheck = 1640;
				LastUpgradeCheck = 1640;
				TargetAttributes = {
					CC83A3D72E2CCE2900BD0A2B = {
						CreatedOnToolsVersion = 16.4;
					};
					CC83A3E52E2CCE2E00BD0A2B = {
						CreatedOnToolsVersion = 16.4;
						TestTargetID = CC83A3D72E2CCE2900BD0A2B;
					};
					CC83A3EF2E2CCE2E00BD0A2B = {
						CreatedOnToolsVersion = 16.4;
						TestTargetID = CC83A3D72E2CCE2900BD0A2B;
					};
				};
			};
			buildConfigurationList = CC83A3D32E2CCE2900BD0A2B /* Build configuration list for PBXProject "FizzyCounter" */;
			developmentRegion = en;
			hasScannedForEncodings = 0;
			knownRegions = (
				en,
				Base,
			);
			mainGroup = CC83A3CF2E2CCE2900BD0A2B;
			minimizedProjectReferenceProxies = 1;
			preferredProjectObjectVersion = 77;
			productRefGroup = CC83A3D92E2CCE2900BD0A2B /* Products */;
			projectDirPath = "";
			projectRoot = "";
			targets = (
				CC83A3D72E2CCE2900BD0A2B /* FizzyCounter */,
				CC83A3E52E2CCE2E00BD0A2B /* FizzyCounterTests */,
				CC83A3EF2E2CCE2E00BD0A2B /* FizzyCounterUITests */,
			);
		};
/* End PBXProject section */

/* Begin PBXResourcesBuildPhase section */
		CC83A3D62E2CCE2900BD0A2B /* Resources */ = {
			isa = PBXResourcesBuildPhase;
			buildActionMask = 2147483647;
			files = (
				CC83A4072E2CD9BE00BD0A2B /* README.md in Resources */,
				CC83A4052E2CD92400BD0A2B /* .gitignore in Resources */,
				CC24B5A12E2CDEAA008C6E6F /* screenshot.png in Resources */,
			);
			runOnlyForDeploymentPostprocessing = 0;
		};
		CC83A3E42E2CCE2E00BD0A2B /* Resources */ = {
			isa = PBXResourcesBuildPhase;
			buildActionMask = 2147483647;
			files = (
			);
			runOnlyForDeploymentPostprocessing = 0;
		};
		CC83A3EE2E2CCE2E00BD0A2B /* Resources */ = {
			isa = PBXResourcesBuildPhase;
			buildActionMask = 2147483647;
			files = (
			);
			runOnlyForDeploymentPostprocessing = 0;
		};
/* End PBXResourcesBuildPhase section */

/* Begin PBXSourcesBuildPhase section */
		CC83A3D42E2CCE2900BD0A2B /* Sources */ = {
			isa = PBXSourcesBuildPhase;
			buildActionMask = 2147483647;
			files = (
			);
			runOnlyForDeploymentPostprocessing = 0;
		};
		CC83A3E22E2CCE2E00BD0A2B /* Sources */ = {
			isa = PBXSourcesBuildPhase;
			buildActionMask = 2147483647;
			files = (
			);
			runOnlyForDeploymentPostprocessing = 0;
		};
		CC83A3EC2E2CCE2E00BD0A2B /* Sources */ = {
			isa = PBXSourcesBuildPhase;
			buildActionMask = 2147483647;
			files = (
			);
			runOnlyForDeploymentPostprocessing = 0;
		};
/* End PBXSourcesBuildPhase section */

/* Begin PBXTargetDependency section */
		CC83A3E82E2CCE2E00BD0A2B /* PBXTargetDependency */ = {
			isa = PBXTargetDependency;
			target = CC83A3D72E2CCE2900BD0A2B /* FizzyCounter */;
			targetProxy = CC83A3E72E2CCE2E00BD0A2B /* PBXContainerItemProxy */;
		};
		CC83A3F22E2CCE2E00BD0A2B /* PBXTargetDependency */ = {
			isa = PBXTargetDependency;
			target = CC83A3D72E2CCE2900BD0A2B /* FizzyCounter */;
			targetProxy = CC83A3F12E2CCE2E00BD0A2B /* PBXContainerItemProxy */;
		};
/* End PBXTargetDependency section */

/* Begin XCBuildConfiguration section */
		CC83A3F82E2CCE2E00BD0A2B /* Debug */ = {
			isa = XCBuildConfiguration;
			buildSettings = {
				ALWAYS_SEARCH_USER_PATHS = NO;
				ASSETCATALOG_COMPILER_GENERATE_SWIFT_ASSET_SYMBOL_EXTENSIONS = YES;
				CLANG_ANALYZER_NONNULL = YES;
				CLANG_ANALYZER_NUMBER_OBJECT_CONVERSION = YES_AGGRESSIVE;
				CLANG_CXX_LANGUAGE_STANDARD = "gnu++20";
				CLANG_ENABLE_MODULES = YES;
				CLANG_ENABLE_OBJC_ARC = YES;
				CLANG_ENABLE_OBJC_WEAK = YES;
				CLANG_WARN_BLOCK_CAPTURE_AUTORELEASING = YES;
				CLANG_WARN_BOOL_CONVERSION = YES;
				CLANG_WARN_COMMA = YES;
				CLANG_WARN_CONSTANT_CONVERSION = YES;
				CLANG_WARN_DEPRECATED_OBJC_IMPLEMENTATIONS = YES;
				CLANG_WARN_DIRECT_OBJC_ISA_USAGE = YES_ERROR;
				CLANG_WARN_DOCUMENTATION_COMMENTS = YES;
				CLANG_WARN_EMPTY_BODY = YES;
				CLANG_WARN_ENUM_CONVERSION = YES;
				CLANG_WARN_INFINITE_RECURSION = YES;
				CLANG_WARN_INT_CONVERSION = YES;
				CLANG_WARN_NON_LITERAL_NULL_CONVERSION = YES;
				CLANG_WARN_OBJC_IMPLICIT_RETAIN_SELF = YES;
				CLANG_WARN_OBJC_LITERAL_CONVERSION = YES;
				CLANG_WARN_OBJC_ROOT_CLASS = YES_ERROR;
				CLANG_WARN_QUOTED_INCLUDE_IN_FRAMEWORK_HEADER = YES;
				CLANG_WARN_RANGE_LOOP_ANALYSIS = YES;
				CLANG_WARN_STRICT_PROTOTYPES = YES;
				CLANG_WARN_SUSPICIOUS_MOVE = YES;
				CLANG_WARN_UNGUARDED_AVAILABILITY = YES_AGGRESSIVE;
				CLANG_WARN_UNREACHABLE_CODE = YES;
				CLANG_WARN__DUPLICATE_METHOD_MATCH = YES;
				COPY_PHASE_STRIP = NO;
				DEBUG_INFORMATION_FORMAT = dwarf;
				ENABLE_STRICT_OBJC_MSGSEND = YES;
				ENABLE_TESTABILITY = YES;
				ENABLE_USER_SCRIPT_SANDBOXING = YES;
				GCC_C_LANGUAGE_STANDARD = gnu17;
				GCC_DYNAMIC_NO_PIC = NO;
				GCC_NO_COMMON_BLOCKS = YES;
				GCC_OPTIMIZATION_LEVEL = 0;
				GCC_PREPROCESSOR_DEFINITIONS = (
					"DEBUG=1",
					"$(inherited)",
				);
				GCC_WARN_64_TO_32_BIT_CONVERSION = YES;
				GCC_WARN_ABOUT_RETURN_TYPE = YES_ERROR;
				GCC_WARN_UNDECLARED_SELECTOR = YES;
				GCC_WARN_UNINITIALIZED_AUTOS = YES_AGGRESSIVE;
				GCC_WARN_UNUSED_FUNCTION = YES;
				GCC_WARN_UNUSED_VARIABLE = YES;
				LOCALIZATION_PREFERS_STRING_CATALOGS = YES;
				MACOSX_DEPLOYMENT_TARGET = 15.5;
				MTL_ENABLE_DEBUG_INFO = INCLUDE_SOURCE;
				MTL_FAST_MATH = YES;
				ONLY_ACTIVE_ARCH = YES;
				SDKROOT = macosx;
				SWIFT_ACTIVE_COMPILATION_CONDITIONS = "DEBUG $(inherited)";
				SWIFT_OPTIMIZATION_LEVEL = "-Onone";
			};
			name = Debug;
		};
		CC83A3F92E2CCE2E00BD0A2B /* Release */ = {
			isa = XCBuildConfiguration;
			buildSettings = {
				ALWAYS_SEARCH_USER_PATHS = NO;
				ASSETCATALOG_COMPILER_GENERATE_SWIFT_ASSET_SYMBOL_EXTENSIONS = YES;
				CLANG_ANALYZER_NONNULL = YES;
				CLANG_ANALYZER_NUMBER_OBJECT_CONVERSION = YES_AGGRESSIVE;
				CLANG_CXX_LANGUAGE_STANDARD = "gnu++20";
				CLANG_ENABLE_MODULES = YES;
				CLANG_ENABLE_OBJC_ARC = YES;
				CLANG_ENABLE_OBJC_WEAK = YES;
				CLANG_WARN_BLOCK_CAPTURE_AUTORELEASING = YES;
				CLANG_WARN_BOOL_CONVERSION = YES;
				CLANG_WARN_COMMA = YES;
				CLANG_WARN_CONSTANT_CONVERSION = YES;
				CLANG_WARN_DEPRECATED_OBJC_IMPLEMENTATIONS = YES;
				CLANG_WARN_DIRECT_OBJC_ISA_USAGE = YES_ERROR;
				CLANG_WARN_DOCUMENTATION_COMMENTS = YES;
				CLANG_WARN_EMPTY_BODY = YES;
				CLANG_WARN_ENUM_CONVERSION = YES;
				CLANG_WARN_INFINITE_RECURSION = YES;
				CLANG_WARN_INT_CONVERSION = YES;
				CLANG_WARN_NON_LITERAL_NULL_CONVERSION = YES;
				CLANG_WARN_OBJC_IMPLICIT_RETAIN_SELF = YES;
				CLANG_WARN_OBJC_LITERAL_CONVERSION = YES;
				CLANG_WARN_OBJC_ROOT_CLASS = YES_ERROR;
				CLANG_WARN_QUOTED_INCLUDE_IN_FRAMEWORK_HEADER = YES;
				CLANG_WARN_RANGE_LOOP_ANALYSIS = YES;
				CLANG_WARN_STRICT_PROTOTYPES = YES;
				CLANG_WARN_SUSPICIOUS_MOVE = YES;
				CLANG_WARN_UNGUARDED_AVAILABILITY = YES_AGGRESSIVE;
				CLANG_WARN_UNREACHABLE_CODE = YES;
				CLANG_WARN__DUPLICATE_METHOD_MATCH = YES;
				COPY_PHASE_STRIP = NO;
				DEBUG_INFORMATION_FORMAT = "dwarf-with-dsym";
				ENABLE_NS_ASSERTIONS = NO;
				ENABLE_STRICT_OBJC_MSGSEND = YES;
				ENABLE_USER_SCRIPT_SANDBOXING = YES;
				GCC_C_LANGUAGE_STANDARD = gnu17;
				GCC_NO_COMMON_BLOCKS = YES;
				GCC_WARN_64_TO_32_BIT_CONVERSION = YES;
				GCC_WARN_ABOUT_RETURN_TYPE = YES_ERROR;
				GCC_WARN_UNDECLARED_SELECTOR = YES;
				GCC_WARN_UNINITIALIZED_AUTOS = YES_AGGRESSIVE;
				GCC_WARN_UNUSED_FUNCTION = YES;
				GCC_WARN_UNUSED_VARIABLE = YES;
				LOCALIZATION_PREFERS_STRING_CATALOGS = YES;
				MACOSX_DEPLOYMENT_TARGET = 15.5;
				MTL_ENABLE_DEBUG_INFO = NO;
				MTL_FAST_MATH = YES;
				SDKROOT = macosx;
				SWIFT_COMPILATION_MODE = wholemodule;
			};
			name = Release;
		};
		CC83A3FB2E2CCE2E00BD0A2B /* Debug */ = {
			isa = XCBuildConfiguration;
			buildSettings = {
				ASSETCATALOG_COMPILER_APPICON_NAME = AppIcon;
				ASSETCATALOG_COMPILER_GLOBAL_ACCENT_COLOR_NAME = AccentColor;
				CODE_SIGN_ENTITLEMENTS = "";
				CODE_SIGN_STYLE = Automatic;
				COMBINE_HIDPI_IMAGES = YES;
				CURRENT_PROJECT_VERSION = 1;
				ENABLE_PREVIEWS = YES;
				GENERATE_INFOPLIST_FILE = YES;
				INFOPLIST_KEY_NSHumanReadableCopyright = "";
				LD_RUNPATH_SEARCH_PATHS = (
					"$(inherited)",
					"@executable_path/../Frameworks",
				);
				MARKETING_VERSION = 1.0;
				PRODUCT_BUNDLE_IDENTIFIER = joaquinbgarcia216.FizzyCounter;
				PRODUCT_NAME = "$(TARGET_NAME)";
				REGISTER_APP_GROUPS = YES;
				SWIFT_EMIT_LOC_STRINGS = YES;
				SWIFT_VERSION = 5.0;
			};
			name = Debug;
		};
		CC83A3FC2E2CCE2E00BD0A2B /* Release */ = {
			isa = XCBuildConfiguration;
			buildSettings = {
				ASSETCATALOG_COMPILER_APPICON_NAME = AppIcon;
				ASSETCATALOG_COMPILER_GLOBAL_ACCENT_COLOR_NAME = AccentColor;
				CODE_SIGN_ENTITLEMENTS = "";
				CODE_SIGN_STYLE = Automatic;
				COMBINE_HIDPI_IMAGES = YES;
				CURRENT_PROJECT_VERSION = 1;
				ENABLE_PREVIEWS = YES;
				GENERATE_INFOPLIST_FILE = YES;
				INFOPLIST_KEY_NSHumanReadableCopyright = "";
				LD_RUNPATH_SEARCH_PATHS = (
					"$(inherited)",
					"@executable_path/../Frameworks",
				);
				MARKETING_VERSION = 1.0;
				PRODUCT_BUNDLE_IDENTIFIER = joaquinbgarcia216.FizzyCounter;
				PRODUCT_NAME = "$(TARGET_NAME)";
				REGISTER_APP_GROUPS = YES;
				SWIFT_EMIT_LOC_STRINGS = YES;
				SWIFT_VERSION = 5.0;
			};
			name = Release;
		};
		CC83A3FE2E2CCE2E00BD0A2B /* Debug */ = {
			isa = XCBuildConfiguration;
			buildSettings = {
				BUNDLE_LOADER = "$(TEST_HOST)";
				CODE_SIGN_STYLE = Automatic;
				CURRENT_PROJECT_VERSION = 1;
				GENERATE_INFOPLIST_FILE = YES;
				MACOSX_DEPLOYMENT_TARGET = 15.5;
				MARKETING_VERSION = 1.0;
				PRODUCT_BUNDLE_IDENTIFIER = joaquinbgarcia216.CounterAppTests;
				PRODUCT_NAME = "$(TARGET_NAME)";
				SWIFT_EMIT_LOC_STRINGS = NO;
				SWIFT_VERSION = 5.0;
				TEST_HOST = "$(BUILT_PRODUCTS_DIR)/FizzyCounter.app/$(BUNDLE_EXECUTABLE_FOLDER_PATH)/FizzyCounter";
			};
			name = Debug;
		};
		CC83A3FF2E2CCE2E00BD0A2B /* Release */ = {
			isa = XCBuildConfiguration;
			buildSettings = {
				BUNDLE_LOADER = "$(TEST_HOST)";
				CODE_SIGN_STYLE = Automatic;
				CURRENT_PROJECT_VERSION = 1;
				GENERATE_INFOPLIST_FILE = YES;
				MACOSX_DEPLOYMENT_TARGET = 15.5;
				MARKETING_VERSION = 1.0;
				PRODUCT_BUNDLE_IDENTIFIER = joaquinbgarcia216.CounterAppTests;
				PRODUCT_NAME = "$(TARGET_NAME)";
				SWIFT_EMIT_LOC_STRINGS = NO;
				SWIFT_VERSION = 5.0;
				TEST_HOST = "$(BUILT_PRODUCTS_DIR)/FizzyCounter.app/$(BUNDLE_EXECUTABLE_FOLDER_PATH)/FizzyCounter";
			};
			name = Release;
		};
		CC83A4012E2CCE2E00BD0A2B /* Debug */ = {
			isa = XCBuildConfiguration;
			buildSettings = {
				CODE_SIGN_STYLE = Automatic;
				CURRENT_PROJECT_VERSION = 1;
				GENERATE_INFOPLIST_FILE = YES;
				MARKETING_VERSION = 1.0;
				PRODUCT_BUNDLE_IDENTIFIER = joaquinbgarcia216.CounterAppUITests;
				PRODUCT_NAME = "$(TARGET_NAME)";
				SWIFT_EMIT_LOC_STRINGS = NO;
				SWIFT_VERSION = 5.0;
				TEST_TARGET_NAME = CounterApp;
			};
			name = Debug;
		};
		CC83A4022E2CCE2E00BD0A2B /* Release */ = {
			isa = XCBuildConfiguration;
			buildSettings = {
				CODE_SIGN_STYLE = Automatic;
				CURRENT_PROJECT_VERSION = 1;
				GENERATE_INFOPLIST_FILE = YES;
				MARKETING_VERSION = 1.0;
				PRODUCT_BUNDLE_IDENTIFIER = joaquinbgarcia216.CounterAppUITests;
				PRODUCT_NAME = "$(TARGET_NAME)";
				SWIFT_EMIT_LOC_STRINGS = NO;
				SWIFT_VERSION = 5.0;
				TEST_TARGET_NAME = CounterApp;
			};
			name = Release;
		};
/* End XCBuildConfiguration section */

/* Begin XCConfigurationList section */
		CC83A3D32E2CCE2900BD0A2B /* Build configuration list for PBXProject "FizzyCounter" */ = {
			isa = XCConfigurationList;
			buildConfigurations = (
				CC83A3F82E2CCE2E00BD0A2B /* Debug */,
				CC83A3F92E2CCE2E00BD0A2B /* Release */,
			);
			defaultConfigurationIsVisible = 0;
			defaultConfigurationName = Release;
		};
		CC83A3FA2E2CCE2E00BD0A2B /* Build configuration list for PBXNativeTarget "FizzyCounter" */ = {
			isa = XCConfigurationList;
			buildConfigurations = (
				CC83A3FB2E2CCE2E00BD0A2B /* Debug */,
				CC83A3FC2E2CCE2E00BD0A2B /* Release */,
			);
			defaultConfigurationIsVisible = 0;
			defaultConfigurationName = Release;
		};
		CC83A3FD2E2CCE2E00BD0A2B /* Build configuration list for PBXNativeTarget "FizzyCounterTests" */ = {
			isa = XCConfigurationList;
			buildConfigurations = (
				CC83A3FE2E2CCE2E00BD0A2B /* Debug */,
				CC83A3FF2E2CCE2E00BD0A2B /* Release */,
			);
			defaultConfigurationIsVisible = 0;
			defaultConfigurationName = Release;
		};
		CC83A4002E2CCE2E00BD0A2B /* Build configuration list for PBXNativeTarget "FizzyCounterUITests" */ = {
			isa = XCConfigurationList;
			buildConfigurations = (
				CC83A4012E2CCE2E00BD0A2B /* Debug */,
				CC83A4022E2CCE2E00BD0A2B /* Release */,
			);
			defaultConfigurationIsVisible = 0;
			defaultConfigurationName = Release;
		};
/* End XCConfigurationList section */
	};
	rootObject = CC83A3D02E2CCE2900BD0A2B /* Project object */;
}
